
Microsoft Visual Studio Solution File, Format Version 12.00
# Visual Studio 2013
VisualStudioVersion = 12.0.40629.0
MinimumVisualStudioVersion = 10.0.40219.1
Project("{FAE04EC0-301F-11D3-BF4B-00C04F79EFBC}") = "leverage_jay_demo_1", "leverage_jay_demo_1\leverage_jay_demo_1.csproj", "{B99C6AC9-51AC-4C08-9346-3A97805D09D8}"
EndProject
Project("{2150E333-8FDC-42A3-9474-1A3956D46DE8}") = "PublishScripts", "PublishScripts", "{104A4331-4D23-4913-8C92-2EC7B24C5A8D}"
	ProjectSection(SolutionItems) = preProject
		PublishScripts\AzureWebsitePublishModule.psm1 = PublishScripts\AzureWebsitePublishModule.psm1
		PublishScripts\Publish-WebApplicationWebsite.ps1 = PublishScripts\Publish-WebApplicationWebsite.ps1
	EndProjectSection
EndProject
Project("{2150E333-8FDC-42A3-9474-1A3956D46DE8}") = "Configurations", "Configurations", "{8C52A83A-D023-4E24-85AC-27037991BFEF}"
	ProjectSection(SolutionItems) = preProject
		PublishScripts\Configurations\leveragejaydemo1-WAWS-dev.json = PublishScripts\Configurations\leveragejaydemo1-WAWS-dev.json
	EndProjectSection
EndProject
Global
	GlobalSection(SolutionConfigurationPlatforms) = preSolution
		Debug|Any CPU = Debug|Any CPU
		Release|Any CPU = Release|Any CPU
	EndGlobalSection
	GlobalSection(ProjectConfigurationPlatforms) = postSolution
		{B99C6AC9-51AC-4C08-9346-3A97805D09D8}.Debug|Any CPU.ActiveCfg = Debug|Any CPU
		{B99C6AC9-51AC-4C08-9346-3A97805D09D8}.Debug|Any CPU.Build.0 = Debug|Any CPU
		{B99C6AC9-51AC-4C08-9346-3A97805D09D8}.Release|Any CPU.ActiveCfg = Release|Any CPU
		{B99C6AC9-51AC-4C08-9346-3A97805D09D8}.Release|Any CPU.Build.0 = Release|Any CPU
	EndGlobalSection
	GlobalSection(SolutionProperties) = preSolution
		HideSolutionNode = FALSE
	EndGlobalSection
	GlobalSection(NestedProjects) = preSolution
		{8C52A83A-D023-4E24-85AC-27037991BFEF} = {104A4331-4D23-4913-8C92-2EC7B24C5A8D}
	EndGlobalSection
EndGlobal
